
Microsoft Visual Studio Solution File, Format Version 12.00
# Visual Studio Version 16
VisualStudioVersion = 16.0.34114.132
MinimumVisualStudioVersion = 10.0.40219.1
Project("{FAE04EC0-301F-11D3-BF4B-00C04F79EFBC}") = "Zayavki", "Zayavki\Zayavki.csproj", "{760AF071-97B6-4C39-8574-FC557627A998}"
EndProject
Global
	GlobalSection(SolutionConfigurationPlatforms) = preSolution
		Debug|Any CPU = Debug|Any CPU
		Release|Any CPU = Release|Any CPU
	EndGlobalSection
	GlobalSection(ProjectConfigurationPlatforms) = postSolution
		{760AF071-97B6-4C39-8574-FC557627A998}.Debug|Any CPU.ActiveCfg = Debug|Any CPU
		{760AF071-97B6-4C39-8574-FC557627A998}.Debug|Any CPU.Build.0 = Debug|Any CPU
		{760AF071-97B6-4C39-8574-FC557627A998}.Release|Any CPU.ActiveCfg = Release|Any CPU
		{760AF071-97B6-4C39-8574-FC557627A998}.Release|Any CPU.Build.0 = Release|Any CPU
	EndGlobalSection
	GlobalSection(SolutionProperties) = preSolution
		HideSolutionNode = FALSE
	EndGlobalSection
	GlobalSection(ExtensibilityGlobals) = postSolution
		SolutionGuid = {A86EC17C-0467-43B7-81C3-CCE39B3C45B9}
	EndGlobalSection
EndGlobal
